
Microsoft Visual Studio Solution File, Format Version 12.00
# Visual Studio Version 16
VisualStudioVersion = 16.0.29209.152
MinimumVisualStudioVersion = 10.0.40219.1
Project("{FAE04EC0-301F-11D3-BF4B-00C04F79EFBC}") = "CineMarkService", "CineMarkService\CineMarkService.csproj", "{2058ACF8-3705-4C43-870E-8D148DF72992}"
EndProject
Project("{FAE04EC0-301F-11D3-BF4B-00C04F79EFBC}") = "CineMarkModelo", "CineMarkModelo\CineMarkModelo.csproj", "{C36D2EC7-3A24-4CDD-9426-BEFF09F428BF}"
EndProject
Project("{FAE04EC0-301F-11D3-BF4B-00C04F79EFBC}") = "CineMarkLogica", "CineMarkLogica\CineMarkLogica.csproj", "{2583060C-0358-4634-BC16-6623E73A1408}"
EndProject
Project("{FAE04EC0-301F-11D3-BF4B-00C04F79EFBC}") = "CineMarkDatos", "CineMarkDatos\CineMarkDatos.csproj", "{3D0931AA-2BFE-411B-9282-A883EBB66938}"
EndProject
Global
	GlobalSection(SolutionConfigurationPlatforms) = preSolution
		Debug|Any CPU = Debug|Any CPU
		Release|Any CPU = Release|Any CPU
	EndGlobalSection
	GlobalSection(ProjectConfigurationPlatforms) = postSolution
		{2058ACF8-3705-4C43-870E-8D148DF72992}.Debug|Any CPU.ActiveCfg = Debug|Any CPU
		{2058ACF8-3705-4C43-870E-8D148DF72992}.Debug|Any CPU.Build.0 = Debug|Any CPU
		{2058ACF8-3705-4C43-870E-8D148DF72992}.Release|Any CPU.ActiveCfg = Release|Any CPU
		{2058ACF8-3705-4C43-870E-8D148DF72992}.Release|Any CPU.Build.0 = Release|Any CPU
		{C36D2EC7-3A24-4CDD-9426-BEFF09F428BF}.Debug|Any CPU.ActiveCfg = Debug|Any CPU
		{C36D2EC7-3A24-4CDD-9426-BEFF09F428BF}.Debug|Any CPU.Build.0 = Debug|Any CPU
		{C36D2EC7-3A24-4CDD-9426-BEFF09F428BF}.Release|Any CPU.ActiveCfg = Release|Any CPU
		{C36D2EC7-3A24-4CDD-9426-BEFF09F428BF}.Release|Any CPU.Build.0 = Release|Any CPU
		{2583060C-0358-4634-BC16-6623E73A1408}.Debug|Any CPU.ActiveCfg = Debug|Any CPU
		{2583060C-0358-4634-BC16-6623E73A1408}.Debug|Any CPU.Build.0 = Debug|Any CPU
		{2583060C-0358-4634-BC16-6623E73A1408}.Release|Any CPU.ActiveCfg = Release|Any CPU
		{2583060C-0358-4634-BC16-6623E73A1408}.Release|Any CPU.Build.0 = Release|Any CPU
		{3D0931AA-2BFE-411B-9282-A883EBB66938}.Debug|Any CPU.ActiveCfg = Debug|Any CPU
		{3D0931AA-2BFE-411B-9282-A883EBB66938}.Debug|Any CPU.Build.0 = Debug|Any CPU
		{3D0931AA-2BFE-411B-9282-A883EBB66938}.Release|Any CPU.ActiveCfg = Release|Any CPU
		{3D0931AA-2BFE-411B-9282-A883EBB66938}.Release|Any CPU.Build.0 = Release|Any CPU
	EndGlobalSection
	GlobalSection(SolutionProperties) = preSolution
		HideSolutionNode = FALSE
	EndGlobalSection
	GlobalSection(ExtensibilityGlobals) = postSolution
		SolutionGuid = {9F665CC5-F14B-4715-AA55-07FD09E99EF1}
	EndGlobalSection
EndGlobal
